
Microsoft Visual Studio Solution File, Format Version 12.00
# Visual Studio 15
VisualStudioVersion = 15.0.27428.2002
MinimumVisualStudioVersion = 10.0.40219.1
Project("{FAE04EC0-301F-11D3-BF4B-00C04F79EFBC}") = "BankSystemWebApp", "BankSystemWebApp\BankSystemWebApp.csproj", "{4FD143DD-A5A3-4A7E-BE0B-81B95DF73508}"
EndProject
Project("{FAE04EC0-301F-11D3-BF4B-00C04F79EFBC}") = "BankSystemWebApp.Tests", "BankSystemWebApp.Tests\BankSystemWebApp.Tests.csproj", "{86B685F8-BC26-4027-B7B6-DFDDDF167D6E}"
EndProject
Project("{FAE04EC0-301F-11D3-BF4B-00C04F79EFBC}") = "ORM", "ORM\ORM.csproj", "{16730792-94E9-4CFA-84DE-E3545778E7F3}"
EndProject
Project("{FAE04EC0-301F-11D3-BF4B-00C04F79EFBC}") = "BLL", "BLL\BLL.csproj", "{69B901EB-C46F-406E-AF46-9B4B4AF7CCDF}"
EndProject
Project("{FAE04EC0-301F-11D3-BF4B-00C04F79EFBC}") = "DAL", "DAL\DAL.csproj", "{DB4AA099-5AA9-436B-B0B9-EC108ED5D00C}"
EndProject
Project("{FAE04EC0-301F-11D3-BF4B-00C04F79EFBC}") = "BLL.Interface", "BLL.Interface\BLL.Interface.csproj", "{35578677-77ED-4989-80FE-EDF2D3192D3B}"
EndProject
Project("{FAE04EC0-301F-11D3-BF4B-00C04F79EFBC}") = "DAL.Interface", "DAL.Interface\DAL.Interface.csproj", "{CC2B2706-8F8B-4D1E-99E6-A7FF3C2F439C}"
EndProject
Project("{FAE04EC0-301F-11D3-BF4B-00C04F79EFBC}") = "DependencyResolver", "DependencyResolver\DependencyResolver.csproj", "{87B2090A-5D98-4CAD-9B82-F13144BC62BC}"
EndProject
Global
	GlobalSection(SolutionConfigurationPlatforms) = preSolution
		Debug|Any CPU = Debug|Any CPU
		Release|Any CPU = Release|Any CPU
	EndGlobalSection
	GlobalSection(ProjectConfigurationPlatforms) = postSolution
		{4FD143DD-A5A3-4A7E-BE0B-81B95DF73508}.Debug|Any CPU.ActiveCfg = Debug|Any CPU
		{4FD143DD-A5A3-4A7E-BE0B-81B95DF73508}.Debug|Any CPU.Build.0 = Debug|Any CPU
		{4FD143DD-A5A3-4A7E-BE0B-81B95DF73508}.Release|Any CPU.ActiveCfg = Release|Any CPU
		{4FD143DD-A5A3-4A7E-BE0B-81B95DF73508}.Release|Any CPU.Build.0 = Release|Any CPU
		{86B685F8-BC26-4027-B7B6-DFDDDF167D6E}.Debug|Any CPU.ActiveCfg = Debug|Any CPU
		{86B685F8-BC26-4027-B7B6-DFDDDF167D6E}.Debug|Any CPU.Build.0 = Debug|Any CPU
		{86B685F8-BC26-4027-B7B6-DFDDDF167D6E}.Release|Any CPU.ActiveCfg = Release|Any CPU
		{86B685F8-BC26-4027-B7B6-DFDDDF167D6E}.Release|Any CPU.Build.0 = Release|Any CPU
		{16730792-94E9-4CFA-84DE-E3545778E7F3}.Debug|Any CPU.ActiveCfg = Debug|Any CPU
		{16730792-94E9-4CFA-84DE-E3545778E7F3}.Debug|Any CPU.Build.0 = Debug|Any CPU
		{16730792-94E9-4CFA-84DE-E3545778E7F3}.Release|Any CPU.ActiveCfg = Release|Any CPU
		{16730792-94E9-4CFA-84DE-E3545778E7F3}.Release|Any CPU.Build.0 = Release|Any CPU
		{69B901EB-C46F-406E-AF46-9B4B4AF7CCDF}.Debug|Any CPU.ActiveCfg = Debug|Any CPU
		{69B901EB-C46F-406E-AF46-9B4B4AF7CCDF}.Debug|Any CPU.Build.0 = Debug|Any CPU
		{69B901EB-C46F-406E-AF46-9B4B4AF7CCDF}.Release|Any CPU.ActiveCfg = Release|Any CPU
		{69B901EB-C46F-406E-AF46-9B4B4AF7CCDF}.Release|Any CPU.Build.0 = Release|Any CPU
		{DB4AA099-5AA9-436B-B0B9-EC108ED5D00C}.Debug|Any CPU.ActiveCfg = Debug|Any CPU
		{DB4AA099-5AA9-436B-B0B9-EC108ED5D00C}.Debug|Any CPU.Build.0 = Debug|Any CPU
		{DB4AA099-5AA9-436B-B0B9-EC108ED5D00C}.Release|Any CPU.ActiveCfg = Release|Any CPU
		{DB4AA099-5AA9-436B-B0B9-EC108ED5D00C}.Release|Any CPU.Build.0 = Release|Any CPU
		{35578677-77ED-4989-80FE-EDF2D3192D3B}.Debug|Any CPU.ActiveCfg = Debug|Any CPU
		{35578677-77ED-4989-80FE-EDF2D3192D3B}.Debug|Any CPU.Build.0 = Debug|Any CPU
		{35578677-77ED-4989-80FE-EDF2D3192D3B}.Release|Any CPU.ActiveCfg = Release|Any CPU
		{35578677-77ED-4989-80FE-EDF2D3192D3B}.Release|Any CPU.Build.0 = Release|Any CPU
		{CC2B2706-8F8B-4D1E-99E6-A7FF3C2F439C}.Debug|Any CPU.ActiveCfg = Debug|Any CPU
		{CC2B2706-8F8B-4D1E-99E6-A7FF3C2F439C}.Debug|Any CPU.Build.0 = Debug|Any CPU
		{CC2B2706-8F8B-4D1E-99E6-A7FF3C2F439C}.Release|Any CPU.ActiveCfg = Release|Any CPU
		{CC2B2706-8F8B-4D1E-99E6-A7FF3C2F439C}.Release|Any CPU.Build.0 = Release|Any CPU
		{87B2090A-5D98-4CAD-9B82-F13144BC62BC}.Debug|Any CPU.ActiveCfg = Debug|Any CPU
		{87B2090A-5D98-4CAD-9B82-F13144BC62BC}.Debug|Any CPU.Build.0 = Debug|Any CPU
		{87B2090A-5D98-4CAD-9B82-F13144BC62BC}.Release|Any CPU.ActiveCfg = Release|Any CPU
		{87B2090A-5D98-4CAD-9B82-F13144BC62BC}.Release|Any CPU.Build.0 = Release|Any CPU
	EndGlobalSection
	GlobalSection(SolutionProperties) = preSolution
		HideSolutionNode = FALSE
	EndGlobalSection
	GlobalSection(ExtensibilityGlobals) = postSolution
		SolutionGuid = {61F41456-2C11-4676-BC65-D7ECE287745E}
	EndGlobalSection
EndGlobal
